// !$*UTF8*$!
{
	archiveVersion = 1;
	classes = {
	};
	objectVersion = 56;
	objects = {

/* Begin PBXBuildFile section */
		263775372A7A06FD006530D9 /* WeatherData.swift in Sources */ = {isa = PBXBuildFile; fileRef = 263775362A7A06FD006530D9 /* WeatherData.swift */; };
		26C0BE5A2A77610D00A90CFD /* AppDelegate.swift in Sources */ = {isa = PBXBuildFile; fileRef = 26C0BE592A77610D00A90CFD /* AppDelegate.swift */; };
		26C0BE5C2A77610D00A90CFD /* SceneDelegate.swift in Sources */ = {isa = PBXBuildFile; fileRef = 26C0BE5B2A77610D00A90CFD /* SceneDelegate.swift */; };
		26C0BE5E2A77610D00A90CFD /* WeatherViewController.swift in Sources */ = {isa = PBXBuildFile; fileRef = 26C0BE5D2A77610D00A90CFD /* WeatherViewController.swift */; };
		26C0BE612A77610D00A90CFD /* Main.storyboard in Resources */ = {isa = PBXBuildFile; fileRef = 26C0BE5F2A77610D00A90CFD /* Main.storyboard */; };
		26C0BE632A77610E00A90CFD /* Assets.xcassets in Resources */ = {isa = PBXBuildFile; fileRef = 26C0BE622A77610E00A90CFD /* Assets.xcassets */; };
		26C0BE662A77610E00A90CFD /* LaunchScreen.storyboard in Resources */ = {isa = PBXBuildFile; fileRef = 26C0BE642A77610E00A90CFD /* LaunchScreen.storyboard */; };
		26C0BE712A77610E00A90CFD /* weatheryTests.swift in Sources */ = {isa = PBXBuildFile; fileRef = 26C0BE702A77610E00A90CFD /* weatheryTests.swift */; };
		26C0BE7B2A77610E00A90CFD /* weatheryUITests.swift in Sources */ = {isa = PBXBuildFile; fileRef = 26C0BE7A2A77610E00A90CFD /* weatheryUITests.swift */; };
		26C0BE7D2A77610E00A90CFD /* weatheryUITestsLaunchTests.swift in Sources */ = {isa = PBXBuildFile; fileRef = 26C0BE7C2A77610E00A90CFD /* weatheryUITestsLaunchTests.swift */; };
		26C9AB932A79563500E1B5C1 /* WeatherManager.swift in Sources */ = {isa = PBXBuildFile; fileRef = 26C9AB922A79563500E1B5C1 /* WeatherManager.swift */; };
/* End PBXBuildFile section */

/* Begin PBXContainerItemProxy section */
		26C0BE6D2A77610E00A90CFD /* PBXContainerItemProxy */ = {
			isa = PBXContainerItemProxy;
			containerPortal = 26C0BE4E2A77610D00A90CFD /* Project object */;
			proxyType = 1;
			remoteGlobalIDString = 26C0BE552A77610D00A90CFD;
			remoteInfo = weathery;
		};
		26C0BE772A77610E00A90CFD /* PBXContainerItemProxy */ = {
			isa = PBXContainerItemProxy;
			containerPortal = 26C0BE4E2A77610D00A90CFD /* Project object */;
			proxyType = 1;
			remoteGlobalIDString = 26C0BE552A77610D00A90CFD;
			remoteInfo = weathery;
		};
/* End PBXContainerItemProxy section */

/* Begin PBXFileReference section */
		263775362A7A06FD006530D9 /* WeatherData.swift */ = {isa = PBXFileReference; lastKnownFileType = sourcecode.swift; path = WeatherData.swift; sourceTree = "<group>"; };
		26C0BE562A77610D00A90CFD /* weathery.app */ = {isa = PBXFileReference; explicitFileType = wrapper.application; includeInIndex = 0; path = weathery.app; sourceTree = BUILT_PRODUCTS_DIR; };
		26C0BE592A77610D00A90CFD /* AppDelegate.swift */ = {isa = PBXFileReference; lastKnownFileType = sourcecode.swift; path = AppDelegate.swift; sourceTree = "<group>"; };
		26C0BE5B2A77610D00A90CFD /* SceneDelegate.swift */ = {isa = PBXFileReference; lastKnownFileType = sourcecode.swift; path = SceneDelegate.swift; sourceTree = "<group>"; };
		26C0BE5D2A77610D00A90CFD /* WeatherViewController.swift */ = {isa = PBXFileReference; lastKnownFileType = sourcecode.swift; path = WeatherViewController.swift; sourceTree = "<group>"; };
		26C0BE602A77610D00A90CFD /* Base */ = {isa = PBXFileReference; lastKnownFileType = file.storyboard; name = Base; path = Base.lproj/Main.storyboard; sourceTree = "<group>"; };
		26C0BE622A77610E00A90CFD /* Assets.xcassets */ = {isa = PBXFileReference; lastKnownFileType = folder.assetcatalog; path = Assets.xcassets; sourceTree = "<group>"; };
		26C0BE652A77610E00A90CFD /* Base */ = {isa = PBXFileReference; lastKnownFileType = file.storyboard; name = Base; path = Base.lproj/LaunchScreen.storyboard; sourceTree = "<group>"; };
		26C0BE672A77610E00A90CFD /* Info.plist */ = {isa = PBXFileReference; lastKnownFileType = text.plist.xml; path = Info.plist; sourceTree = "<group>"; };
		26C0BE6C2A77610E00A90CFD /* weatheryTests.xctest */ = {isa = PBXFileReference; explicitFileType = wrapper.cfbundle; includeInIndex = 0; path = weatheryTests.xctest; sourceTree = BUILT_PRODUCTS_DIR; };
		26C0BE702A77610E00A90CFD /* weatheryTests.swift */ = {isa = PBXFileReference; lastKnownFileType = sourcecode.swift; path = weatheryTests.swift; sourceTree = "<group>"; };
		26C0BE762A77610E00A90CFD /* weatheryUITests.xctest */ = {isa = PBXFileReference; explicitFileType = wrapper.cfbundle; includeInIndex = 0; path = weatheryUITests.xctest; sourceTree = BUILT_PRODUCTS_DIR; };
		26C0BE7A2A77610E00A90CFD /* weatheryUITests.swift */ = {isa = PBXFileReference; lastKnownFileType = sourcecode.swift; path = weatheryUITests.swift; sourceTree = "<group>"; };
		26C0BE7C2A77610E00A90CFD /* weatheryUITestsLaunchTests.swift */ = {isa = PBXFileReference; lastKnownFileType = sourcecode.swift; path = weatheryUITestsLaunchTests.swift; sourceTree = "<group>"; };
		26C9AB922A79563500E1B5C1 /* WeatherManager.swift */ = {isa = PBXFileReference; lastKnownFileType = sourcecode.swift; path = WeatherManager.swift; sourceTree = "<group>"; };
/* End PBXFileReference section */

/* Begin PBXFrameworksBuildPhase section */
		26C0BE532A77610D00A90CFD /* Frameworks */ = {
			isa = PBXFrameworksBuildPhase;
			buildActionMask = 2147483647;
			files = (
			);
			runOnlyForDeploymentPostprocessing = 0;
		};
		26C0BE692A77610E00A90CFD /* Frameworks */ = {
			isa = PBXFrameworksBuildPhase;
			buildActionMask = 2147483647;
			files = (
			);
			runOnlyForDeploymentPostprocessing = 0;
		};
		26C0BE732A77610E00A90CFD /* Frameworks */ = {
			isa = PBXFrameworksBuildPhase;
			buildActionMask = 2147483647;
			files = (
			);
			runOnlyForDeploymentPostprocessing = 0;
		};
/* End PBXFrameworksBuildPhase section */

/* Begin PBXGroup section */
		26C0BE4D2A77610D00A90CFD = {
			isa = PBXGroup;
			children = (
				26C0BE582A77610D00A90CFD /* weathery */,
				26C0BE6F2A77610E00A90CFD /* weatheryTests */,
				26C0BE792A77610E00A90CFD /* weatheryUITests */,
				26C0BE572A77610D00A90CFD /* Products */,
			);
			sourceTree = "<group>";
		};
		26C0BE572A77610D00A90CFD /* Products */ = {
			isa = PBXGroup;
			children = (
				26C0BE562A77610D00A90CFD /* weathery.app */,
				26C0BE6C2A77610E00A90CFD /* weatheryTests.xctest */,
				26C0BE762A77610E00A90CFD /* weatheryUITests.xctest */,
			);
			name = Products;
			sourceTree = "<group>";
		};
		26C0BE582A77610D00A90CFD /* weathery */ = {
			isa = PBXGroup;
			children = (
				26C0BE592A77610D00A90CFD /* AppDelegate.swift */,
				26C0BE5B2A77610D00A90CFD /* SceneDelegate.swift */,
				26C9AB912A79561D00E1B5C1 /* Models */,
				26C0BE8E2A776BC300A90CFD /* Controllers */,
				26C0BE8F2A776CA500A90CFD /* Views */,
				26C0BE622A77610E00A90CFD /* Assets.xcassets */,
				26C0BE642A77610E00A90CFD /* LaunchScreen.storyboard */,
				26C0BE672A77610E00A90CFD /* Info.plist */,
			);
			path = weathery;
			sourceTree = "<group>";
		};
		26C0BE6F2A77610E00A90CFD /* weatheryTests */ = {
			isa = PBXGroup;
			children = (
				26C0BE702A77610E00A90CFD /* weatheryTests.swift */,
			);
			path = weatheryTests;
			sourceTree = "<group>";
		};
		26C0BE792A77610E00A90CFD /* weatheryUITests */ = {
			isa = PBXGroup;
			children = (
				26C0BE7A2A77610E00A90CFD /* weatheryUITests.swift */,
				26C0BE7C2A77610E00A90CFD /* weatheryUITestsLaunchTests.swift */,
			);
			path = weatheryUITests;
			sourceTree = "<group>";
		};
		26C0BE8E2A776BC300A90CFD /* Controllers */ = {
			isa = PBXGroup;
			children = (
				26C0BE5D2A77610D00A90CFD /* WeatherViewController.swift */,
			);
			path = Controllers;
			sourceTree = "<group>";
		};
		26C0BE8F2A776CA500A90CFD /* Views */ = {
			isa = PBXGroup;
			children = (
				26C0BE5F2A77610D00A90CFD /* Main.storyboard */,
			);
			path = Views;
			sourceTree = "<group>";
		};
		26C9AB912A79561D00E1B5C1 /* Models */ = {
			isa = PBXGroup;
			children = (
				26C9AB922A79563500E1B5C1 /* WeatherManager.swift */,
				263775362A7A06FD006530D9 /* WeatherData.swift */,
			);
			path = Models;
			sourceTree = "<group>";
		};
/* End PBXGroup section */

/* Begin PBXNativeTarget section */
		26C0BE552A77610D00A90CFD /* weathery */ = {
			isa = PBXNativeTarget;
			buildConfigurationList = 26C0BE802A77610E00A90CFD /* Build configuration list for PBXNativeTarget "weathery" */;
			buildPhases = (
				26C0BE522A77610D00A90CFD /* Sources */,
				26C0BE532A77610D00A90CFD /* Frameworks */,
				26C0BE542A77610D00A90CFD /* Resources */,
			);
			buildRules = (
			);
			dependencies = (
			);
			name = weathery;
			productName = weathery;
			productReference = 26C0BE562A77610D00A90CFD /* weathery.app */;
			productType = "com.apple.product-type.application";
		};
		26C0BE6B2A77610E00A90CFD /* weatheryTests */ = {
			isa = PBXNativeTarget;
			buildConfigurationList = 26C0BE832A77610E00A90CFD /* Build configuration list for PBXNativeTarget "weatheryTests" */;
			buildPhases = (
				26C0BE682A77610E00A90CFD /* Sources */,
				26C0BE692A77610E00A90CFD /* Frameworks */,
				26C0BE6A2A77610E00A90CFD /* Resources */,
			);
			buildRules = (
			);
			dependencies = (
				26C0BE6E2A77610E00A90CFD /* PBXTargetDependency */,
			);
			name = weatheryTests;
			productName = weatheryTests;
			productReference = 26C0BE6C2A77610E00A90CFD /* weatheryTests.xctest */;
			productType = "com.apple.product-type.bundle.unit-test";
		};
		26C0BE752A77610E00A90CFD /* weatheryUITests */ = {
			isa = PBXNativeTarget;
			buildConfigurationList = 26C0BE862A77610E00A90CFD /* Build configuration list for PBXNativeTarget "weatheryUITests" */;
			buildPhases = (
				26C0BE722A77610E00A90CFD /* Sources */,
				26C0BE732A77610E00A90CFD /* Frameworks */,
				26C0BE742A77610E00A90CFD /* Resources */,
			);
			buildRules = (
			);
			dependencies = (
				26C0BE782A77610E00A90CFD /* PBXTargetDependency */,
			);
			name = weatheryUITests;
			productName = weatheryUITests;
			productReference = 26C0BE762A77610E00A90CFD /* weatheryUITests.xctest */;
			productType = "com.apple.product-type.bundle.ui-testing";
		};
/* End PBXNativeTarget section */

/* Begin PBXProject section */
		26C0BE4E2A77610D00A90CFD /* Project object */ = {
			isa = PBXProject;
			attributes = {
				BuildIndependentTargetsInParallel = 1;
				LastSwiftUpdateCheck = 1430;
				LastUpgradeCheck = 1430;
				TargetAttributes = {
					26C0BE552A77610D00A90CFD = {
						CreatedOnToolsVersion = 14.3.1;
					};
					26C0BE6B2A77610E00A90CFD = {
						CreatedOnToolsVersion = 14.3.1;
						TestTargetID = 26C0BE552A77610D00A90CFD;
					};
					26C0BE752A77610E00A90CFD = {
						CreatedOnToolsVersion = 14.3.1;
						TestTargetID = 26C0BE552A77610D00A90CFD;
					};
				};
			};
			buildConfigurationList = 26C0BE512A77610D00A90CFD /* Build configuration list for PBXProject "weathery" */;
			compatibilityVersion = "Xcode 14.0";
			developmentRegion = en;
			hasScannedForEncodings = 0;
			knownRegions = (
				en,
				Base,
			);
			mainGroup = 26C0BE4D2A77610D00A90CFD;
			productRefGroup = 26C0BE572A77610D00A90CFD /* Products */;
			projectDirPath = "";
			projectRoot = "";
			targets = (
				26C0BE552A77610D00A90CFD /* weathery */,
				26C0BE6B2A77610E00A90CFD /* weatheryTests */,
				26C0BE752A77610E00A90CFD /* weatheryUITests */,
			);
		};
/* End PBXProject section */

/* Begin PBXResourcesBuildPhase section */
		26C0BE542A77610D00A90CFD /* Resources */ = {
			isa = PBXResourcesBuildPhase;
			buildActionMask = 2147483647;
			files = (
				26C0BE662A77610E00A90CFD /* LaunchScreen.storyboard in Resources */,
				26C0BE632A77610E00A90CFD /* Assets.xcassets in Resources */,
				26C0BE612A77610D00A90CFD /* Main.storyboard in Resources */,
			);
			runOnlyForDeploymentPostprocessing = 0;
		};
		26C0BE6A2A77610E00A90CFD /* Resources */ = {
			isa = PBXResourcesBuildPhase;
			buildActionMask = 2147483647;
			files = (
			);
			runOnlyForDeploymentPostprocessing = 0;
		};
		26C0BE742A77610E00A90CFD /* Resources */ = {
			isa = PBXResourcesBuildPhase;
			buildActionMask = 2147483647;
			files = (
			);
			runOnlyForDeploymentPostprocessing = 0;
		};
/* End PBXResourcesBuildPhase section */

/* Begin PBXSourcesBuildPhase section */
		26C0BE522A77610D00A90CFD /* Sources */ = {
			isa = PBXSourcesBuildPhase;
			buildActionMask = 2147483647;
			files = (
				26C0BE5E2A77610D00A90CFD /* WeatherViewController.swift in Sources */,
				263775372A7A06FD006530D9 /* WeatherData.swift in Sources */,
				26C0BE5A2A77610D00A90CFD /* AppDelegate.swift in Sources */,
				26C9AB932A79563500E1B5C1 /* WeatherManager.swift in Sources */,
				26C0BE5C2A77610D00A90CFD /* SceneDelegate.swift in Sources */,
			);
			runOnlyForDeploymentPostprocessing = 0;
		};
		26C0BE682A77610E00A90CFD /* Sources */ = {
			isa = PBXSourcesBuildPhase;
			buildActionMask = 2147483647;
			files = (
				26C0BE712A77610E00A90CFD /* weatheryTests.swift in Sources */,
			);
			runOnlyForDeploymentPostprocessing = 0;
		};
		26C0BE722A77610E00A90CFD /* Sources */ = {
			isa = PBXSourcesBuildPhase;
			buildActionMask = 2147483647;
			files = (
				26C0BE7D2A77610E00A90CFD /* weatheryUITestsLaunchTests.swift in Sources */,
				26C0BE7B2A77610E00A90CFD /* weatheryUITests.swift in Sources */,
			);
			runOnlyForDeploymentPostprocessing = 0;
		};
/* End PBXSourcesBuildPhase section */

/* Begin PBXTargetDependency section */
		26C0BE6E2A77610E00A90CFD /* PBXTargetDependency */ = {
			isa = PBXTargetDependency;
			target = 26C0BE552A77610D00A90CFD /* weathery */;
			targetProxy = 26C0BE6D2A77610E00A90CFD /* PBXContainerItemProxy */;
		};
		26C0BE782A77610E00A90CFD /* PBXTargetDependency */ = {
			isa = PBXTargetDependency;
			target = 26C0BE552A77610D00A90CFD /* weathery */;
			targetProxy = 26C0BE772A77610E00A90CFD /* PBXContainerItemProxy */;
		};
/* End PBXTargetDependency section */

/* Begin PBXVariantGroup section */
		26C0BE5F2A77610D00A90CFD /* Main.storyboard */ = {
			isa = PBXVariantGroup;
			children = (
				26C0BE602A77610D00A90CFD /* Base */,
			);
			name = Main.storyboard;
			sourceTree = "<group>";
		};
		26C0BE642A77610E00A90CFD /* LaunchScreen.storyboard */ = {
			isa = PBXVariantGroup;
			children = (
				26C0BE652A77610E00A90CFD /* Base */,
			);
			name = LaunchScreen.storyboard;
			sourceTree = "<group>";
		};
/* End PBXVariantGroup section */

/* Begin XCBuildConfiguration section */
		26C0BE7E2A77610E00A90CFD /* Debug */ = {
			isa = XCBuildConfiguration;
			buildSettings = {
				ALWAYS_SEARCH_USER_PATHS = NO;
				CLANG_ANALYZER_NONNULL = YES;
				CLANG_ANALYZER_NUMBER_OBJECT_CONVERSION = YES_AGGRESSIVE;
				CLANG_CXX_LANGUAGE_STANDARD = "gnu++20";
				CLANG_ENABLE_MODULES = YES;
				CLANG_ENABLE_OBJC_ARC = YES;
				CLANG_ENABLE_OBJC_WEAK = YES;
				CLANG_WARN_BLOCK_CAPTURE_AUTORELEASING = YES;
				CLANG_WARN_BOOL_CONVERSION = YES;
				CLANG_WARN_COMMA = YES;
				CLANG_WARN_CONSTANT_CONVERSION = YES;
				CLANG_WARN_DEPRECATED_OBJC_IMPLEMENTATIONS = YES;
				CLANG_WARN_DIRECT_OBJC_ISA_USAGE = YES_ERROR;
				CLANG_WARN_DOCUMENTATION_COMMENTS = YES;
				CLANG_WARN_EMPTY_BODY = YES;
				CLANG_WARN_ENUM_CONVERSION = YES;
				CLANG_WARN_INFINITE_RECURSION = YES;
				CLANG_WARN_INT_CONVERSION = YES;
				CLANG_WARN_NON_LITERAL_NULL_CONVERSION = YES;
				CLANG_WARN_OBJC_IMPLICIT_RETAIN_SELF = YES;
				CLANG_WARN_OBJC_LITERAL_CONVERSION = YES;
				CLANG_WARN_OBJC_ROOT_CLASS = YES_ERROR;
				CLANG_WARN_QUOTED_INCLUDE_IN_FRAMEWORK_HEADER = YES;
				CLANG_WARN_RANGE_LOOP_ANALYSIS = YES;
				CLANG_WARN_STRICT_PROTOTYPES = YES;
				CLANG_WARN_SUSPICIOUS_MOVE = YES;
				CLANG_WARN_UNGUARDED_AVAILABILITY = YES_AGGRESSIVE;
				CLANG_WARN_UNREACHABLE_CODE = YES;
				CLANG_WARN__DUPLICATE_METHOD_MATCH = YES;
				COPY_PHASE_STRIP = NO;
				DEBUG_INFORMATION_FORMAT = dwarf;
				ENABLE_STRICT_OBJC_MSGSEND = YES;
				ENABLE_TESTABILITY = YES;
				GCC_C_LANGUAGE_STANDARD = gnu11;
				GCC_DYNAMIC_NO_PIC = NO;
				GCC_NO_COMMON_BLOCKS = YES;
				GCC_OPTIMIZATION_LEVEL = 0;
				GCC_PREPROCESSOR_DEFINITIONS = (
					"DEBUG=1",
					"$(inherited)",
				);
				GCC_WARN_64_TO_32_BIT_CONVERSION = YES;
				GCC_WARN_ABOUT_RETURN_TYPE = YES_ERROR;
				GCC_WARN_UNDECLARED_SELECTOR = YES;
				GCC_WARN_UNINITIALIZED_AUTOS = YES_AGGRESSIVE;
				GCC_WARN_UNUSED_FUNCTION = YES;
				GCC_WARN_UNUSED_VARIABLE = YES;
				IPHONEOS_DEPLOYMENT_TARGET = 16.4;
				MTL_ENABLE_DEBUG_INFO = INCLUDE_SOURCE;
				MTL_FAST_MATH = YES;
				ONLY_ACTIVE_ARCH = YES;
				SDKROOT = iphoneos;
				SWIFT_ACTIVE_COMPILATION_CONDITIONS = DEBUG;
				SWIFT_OPTIMIZATION_LEVEL = "-Onone";
			};
			name = Debug;
		};
		26C0BE7F2A77610E00A90CFD /* Release */ = {
			isa = XCBuildConfiguration;
			buildSettings = {
				ALWAYS_SEARCH_USER_PATHS = NO;
				CLANG_ANALYZER_NONNULL = YES;
				CLANG_ANALYZER_NUMBER_OBJECT_CONVERSION = YES_AGGRESSIVE;
				CLANG_CXX_LANGUAGE_STANDARD = "gnu++20";
				CLANG_ENABLE_MODULES = YES;
				CLANG_ENABLE_OBJC_ARC = YES;
				CLANG_ENABLE_OBJC_WEAK = YES;
				CLANG_WARN_BLOCK_CAPTURE_AUTORELEASING = YES;
				CLANG_WARN_BOOL_CONVERSION = YES;
				CLANG_WARN_COMMA = YES;
				CLANG_WARN_CONSTANT_CONVERSION = YES;
				CLANG_WARN_DEPRECATED_OBJC_IMPLEMENTATIONS = YES;
				CLANG_WARN_DIRECT_OBJC_ISA_USAGE = YES_ERROR;
				CLANG_WARN_DOCUMENTATION_COMMENTS = YES;
				CLANG_WARN_EMPTY_BODY = YES;
				CLANG_WARN_ENUM_CONVERSION = YES;
				CLANG_WARN_INFINITE_RECURSION = YES;
				CLANG_WARN_INT_CONVERSION = YES;
				CLANG_WARN_NON_LITERAL_NULL_CONVERSION = YES;
				CLANG_WARN_OBJC_IMPLICIT_RETAIN_SELF = YES;
				CLANG_WARN_OBJC_LITERAL_CONVERSION = YES;
				CLANG_WARN_OBJC_ROOT_CLASS = YES_ERROR;
				CLANG_WARN_QUOTED_INCLUDE_IN_FRAMEWORK_HEADER = YES;
				CLANG_WARN_RANGE_LOOP_ANALYSIS = YES;
				CLANG_WARN_STRICT_PROTOTYPES = YES;
				CLANG_WARN_SUSPICIOUS_MOVE = YES;
				CLANG_WARN_UNGUARDED_AVAILABILITY = YES_AGGRESSIVE;
				CLANG_WARN_UNREACHABLE_CODE = YES;
				CLANG_WARN__DUPLICATE_METHOD_MATCH = YES;
				COPY_PHASE_STRIP = NO;
				DEBUG_INFORMATION_FORMAT = "dwarf-with-dsym";
				ENABLE_NS_ASSERTIONS = NO;
				ENABLE_STRICT_OBJC_MSGSEND = YES;
				GCC_C_LANGUAGE_STANDARD = gnu11;
				GCC_NO_COMMON_BLOCKS = YES;
				GCC_WARN_64_TO_32_BIT_CONVERSION = YES;
				GCC_WARN_ABOUT_RETURN_TYPE = YES_ERROR;
				GCC_WARN_UNDECLARED_SELECTOR = YES;
				GCC_WARN_UNINITIALIZED_AUTOS = YES_AGGRESSIVE;
				GCC_WARN_UNUSED_FUNCTION = YES;
				GCC_WARN_UNUSED_VARIABLE = YES;
				IPHONEOS_DEPLOYMENT_TARGET = 16.4;
				MTL_ENABLE_DEBUG_INFO = NO;
				MTL_FAST_MATH = YES;
				SDKROOT = iphoneos;
				SWIFT_COMPILATION_MODE = wholemodule;
				SWIFT_OPTIMIZATION_LEVEL = "-O";
				VALIDATE_PRODUCT = YES;
			};
			name = Release;
		};
		26C0BE812A77610E00A90CFD /* Debug */ = {
			isa = XCBuildConfiguration;
			buildSettings = {
				ASSETCATALOG_COMPILER_APPICON_NAME = AppIcon;
				ASSETCATALOG_COMPILER_GLOBAL_ACCENT_COLOR_NAME = AccentColor;
				CODE_SIGN_STYLE = Automatic;
				CURRENT_PROJECT_VERSION = 1;
				DEVELOPMENT_TEAM = 89HTJNR8K2;
				GENERATE_INFOPLIST_FILE = YES;
				INFOPLIST_FILE = weathery/Info.plist;
				INFOPLIST_KEY_UIApplicationSupportsIndirectInputEvents = YES;
				INFOPLIST_KEY_UILaunchStoryboardName = LaunchScreen;
				INFOPLIST_KEY_UIMainStoryboardFile = Main;
				INFOPLIST_KEY_UISupportedInterfaceOrientations_iPad = "UIInterfaceOrientationPortrait UIInterfaceOrientationPortraitUpsideDown UIInterfaceOrientationLandscapeLeft UIInterfaceOrientationLandscapeRight";
				INFOPLIST_KEY_UISupportedInterfaceOrientations_iPhone = "UIInterfaceOrientationPortrait UIInterfaceOrientationLandscapeLeft UIInterfaceOrientationLandscapeRight";
				LD_RUNPATH_SEARCH_PATHS = (
					"$(inherited)",
					"@executable_path/Frameworks",
				);
				MARKETING_VERSION = 1.0;
				PRODUCT_BUNDLE_IDENTIFIER = mrityunjay.weathery;
				PRODUCT_NAME = "$(TARGET_NAME)";
				SWIFT_EMIT_LOC_STRINGS = YES;
				SWIFT_VERSION = 5.0;
				TARGETED_DEVICE_FAMILY = "1,2";
			};
			name = Debug;
		};
		26C0BE822A77610E00A90CFD /* Release */ = {
			isa = XCBuildConfiguration;
			buildSettings = {
				ASSETCATALOG_COMPILER_APPICON_NAME = AppIcon;
				ASSETCATALOG_COMPILER_GLOBAL_ACCENT_COLOR_NAME = AccentColor;
				CODE_SIGN_STYLE = Automatic;
				CURRENT_PROJECT_VERSION = 1;
				DEVELOPMENT_TEAM = 89HTJNR8K2;
				GENERATE_INFOPLIST_FILE = YES;
				INFOPLIST_FILE = weathery/Info.plist;
				INFOPLIST_KEY_UIApplicationSupportsIndirectInputEvents = YES;
				INFOPLIST_KEY_UILaunchStoryboardName = LaunchScreen;
				INFOPLIST_KEY_UIMainStoryboardFile = Main;
				INFOPLIST_KEY_UISupportedInterfaceOrientations_iPad = "UIInterfaceOrientationPortrait UIInterfaceOrientationPortraitUpsideDown UIInterfaceOrientationLandscapeLeft UIInterfaceOrientationLandscapeRight";
				INFOPLIST_KEY_UISupportedInterfaceOrientations_iPhone = "UIInterfaceOrientationPortrait UIInterfaceOrientationLandscapeLeft UIInterfaceOrientationLandscapeRight";
				LD_RUNPATH_SEARCH_PATHS = (
					"$(inherited)",
					"@executable_path/Frameworks",
				);
				MARKETING_VERSION = 1.0;
				PRODUCT_BUNDLE_IDENTIFIER = mrityunjay.weathery;
				PRODUCT_NAME = "$(TARGET_NAME)";
				SWIFT_EMIT_LOC_STRINGS = YES;
				SWIFT_VERSION = 5.0;
				TARGETED_DEVICE_FAMILY = "1,2";
			};
			name = Release;
		};
		26C0BE842A77610E00A90CFD /* Debug */ = {
			isa = XCBuildConfiguration;
			buildSettings = {
				ALWAYS_EMBED_SWIFT_STANDARD_LIBRARIES = YES;
				BUNDLE_LOADER = "$(TEST_HOST)";
				CODE_SIGN_STYLE = Automatic;
				CURRENT_PROJECT_VERSION = 1;
				DEVELOPMENT_TEAM = 89HTJNR8K2;
				GENERATE_INFOPLIST_FILE = YES;
				IPHONEOS_DEPLOYMENT_TARGET = 16.4;
				MARKETING_VERSION = 1.0;
				PRODUCT_BUNDLE_IDENTIFIER = mrityunjay.weatheryTests;
				PRODUCT_NAME = "$(TARGET_NAME)";
				SWIFT_EMIT_LOC_STRINGS = NO;
				SWIFT_VERSION = 5.0;
				TARGETED_DEVICE_FAMILY = "1,2";
				TEST_HOST = "$(BUILT_PRODUCTS_DIR)/weathery.app/$(BUNDLE_EXECUTABLE_FOLDER_PATH)/weathery";
			};
			name = Debug;
		};
		26C0BE852A77610E00A90CFD /* Release */ = {
			isa = XCBuildConfiguration;
			buildSettings = {
				ALWAYS_EMBED_SWIFT_STANDARD_LIBRARIES = YES;
				BUNDLE_LOADER = "$(TEST_HOST)";
				CODE_SIGN_STYLE = Automatic;
				CURRENT_PROJECT_VERSION = 1;
				DEVELOPMENT_TEAM = 89HTJNR8K2;
				GENERATE_INFOPLIST_FILE = YES;
				IPHONEOS_DEPLOYMENT_TARGET = 16.4;
				MARKETING_VERSION = 1.0;
				PRODUCT_BUNDLE_IDENTIFIER = mrityunjay.weatheryTests;
				PRODUCT_NAME = "$(TARGET_NAME)";
				SWIFT_EMIT_LOC_STRINGS = NO;
				SWIFT_VERSION = 5.0;
				TARGETED_DEVICE_FAMILY = "1,2";
				TEST_HOST = "$(BUILT_PRODUCTS_DIR)/weathery.app/$(BUNDLE_EXECUTABLE_FOLDER_PATH)/weathery";
			};
			name = Release;
		};
		26C0BE872A77610E00A90CFD /* Debug */ = {
			isa = XCBuildConfiguration;
			buildSettings = {
				ALWAYS_EMBED_SWIFT_STANDARD_LIBRARIES = YES;
				CODE_SIGN_STYLE = Automatic;
				CURRENT_PROJECT_VERSION = 1;
				DEVELOPMENT_TEAM = 89HTJNR8K2;
				GENERATE_INFOPLIST_FILE = YES;
				MARKETING_VERSION = 1.0;
				PRODUCT_BUNDLE_IDENTIFIER = mrityunjay.weatheryUITests;
				PRODUCT_NAME = "$(TARGET_NAME)";
				SWIFT_EMIT_LOC_STRINGS = NO;
				SWIFT_VERSION = 5.0;
				TARGETED_DEVICE_FAMILY = "1,2";
				TEST_TARGET_NAME = weathery;
			};
			name = Debug;
		};
		26C0BE882A77610E00A90CFD /* Release */ = {
			isa = XCBuildConfiguration;
			buildSettings = {
				ALWAYS_EMBED_SWIFT_STANDARD_LIBRARIES = YES;
				CODE_SIGN_STYLE = Automatic;
				CURRENT_PROJECT_VERSION = 1;
				DEVELOPMENT_TEAM = 89HTJNR8K2;
				GENERATE_INFOPLIST_FILE = YES;
				MARKETING_VERSION = 1.0;
				PRODUCT_BUNDLE_IDENTIFIER = mrityunjay.weatheryUITests;
				PRODUCT_NAME = "$(TARGET_NAME)";
				SWIFT_EMIT_LOC_STRINGS = NO;
				SWIFT_VERSION = 5.0;
				TARGETED_DEVICE_FAMILY = "1,2";
				TEST_TARGET_NAME = weathery;
			};
			name = Release;
		};
/* End XCBuildConfiguration section */

/* Begin XCConfigurationList section */
		26C0BE512A77610D00A90CFD /* Build configuration list for PBXProject "weathery" */ = {
			isa = XCConfigurationList;
			buildConfigurations = (
				26C0BE7E2A77610E00A90CFD /* Debug */,
				26C0BE7F2A77610E00A90CFD /* Release */,
			);
			defaultConfigurationIsVisible = 0;
			defaultConfigurationName = Release;
		};
		26C0BE802A77610E00A90CFD /* Build configuration list for PBXNativeTarget "weathery" */ = {
			isa = XCConfigurationList;
			buildConfigurations = (
				26C0BE812A77610E00A90CFD /* Debug */,
				26C0BE822A77610E00A90CFD /* Release */,
			);
			defaultConfigurationIsVisible = 0;
			defaultConfigurationName = Release;
		};
		26C0BE832A77610E00A90CFD /* Build configuration list for PBXNativeTarget "weatheryTests" */ = {
			isa = XCConfigurationList;
			buildConfigurations = (
				26C0BE842A77610E00A90CFD /* Debug */,
				26C0BE852A77610E00A90CFD /* Release */,
			);
			defaultConfigurationIsVisible = 0;
			defaultConfigurationName = Release;
		};
		26C0BE862A77610E00A90CFD /* Build configuration list for PBXNativeTarget "weatheryUITests" */ = {
			isa = XCConfigurationList;
			buildConfigurations = (
				26C0BE872A77610E00A90CFD /* Debug */,
				26C0BE882A77610E00A90CFD /* Release */,
			);
			defaultConfigurationIsVisible = 0;
			defaultConfigurationName = Release;
		};
/* End XCConfigurationList section */
	};
	rootObject = 26C0BE4E2A77610D00A90CFD /* Project object */;
}
